{
  "name": "typing-jp",
  "lockfileVersion": 3,
  "requires": true,
  "packages": {
    "": {
      "dependencies": {
        "moji": "^0.5.1"
      }
    },
    "node_modules/moji": {
      "version": "0.5.1",
      "resolved": "https://registry.npmjs.org/moji/-/moji-0.5.1.tgz",
      "integrity": "sha512-xYylXOjBS9mE/d690InK3Y74NpE0El0TmAKDmKJveWk9jds/0Tl7MQP4yhavS0U64diEq+5ey2905nhCpIHE+Q==",
      "dependencies": {
        "object-assign": "^3.0.0"
      }
    },
    "node_modules/object-assign": {
      "version": "3.0.0",
      "resolved": "https://registry.npmjs.org/object-assign/-/object-assign-3.0.0.tgz",
      "integrity": "sha512-jHP15vXVGeVh1HuaA2wY6lxk+whK/x4KBG88VXeRma7CCun7iGD5qPc4eYykQ9sdQvg8jkwFKsSxHln2ybW3xQ==",
      "engines": {
        "node": ">=0.10.0"
      }
    }
  }
}
